// !$*UTF8*$!
{
	archiveVersion = 1;
	classes = {
	};
	objectVersion = 77;
	objects = {

/* Begin PBXBuildFile section */
		0FF1C6732E4B710B00427F5B /* WidgetKit.framework in Frameworks */ = {isa = PBXBuildFile; fileRef = 0FF1C6722E4B710A00427F5B /* WidgetKit.framework */; };
		0FF1C6752E4B710B00427F5B /* SwiftUI.framework in Frameworks */ = {isa = PBXBuildFile; fileRef = 0FF1C6742E4B710B00427F5B /* SwiftUI.framework */; };
		0FF1C6842E4B710D00427F5B /* MiniWidgetsExtension.appex in Embed Foundation Extensions */ = {isa = PBXBuildFile; fileRef = 0FF1C6702E4B710A00427F5B /* MiniWidgetsExtension.appex */; settings = {ATTRIBUTES = (RemoveHeadersOnCopy, ); }; };
/* End PBXBuildFile section */

/* Begin PBXContainerItemProxy section */
		0FF1C6502E4B70B500427F5B /* PBXContainerItemProxy */ = {
			isa = PBXContainerItemProxy;
			containerPortal = 0FF1C63A2E4B70B400427F5B /* Project object */;
			proxyType = 1;
			remoteGlobalIDString = 0FF1C6412E4B70B400427F5B;
			remoteInfo = aniWidgets;
		};
		0FF1C65A2E4B70B500427F5B /* PBXContainerItemProxy */ = {
			isa = PBXContainerItemProxy;
			containerPortal = 0FF1C63A2E4B70B400427F5B /* Project object */;
			proxyType = 1;
			remoteGlobalIDString = 0FF1C6412E4B70B400427F5B;
			remoteInfo = aniWidgets;
		};
		0FF1C6822E4B710D00427F5B /* PBXContainerItemProxy */ = {
			isa = PBXContainerItemProxy;
			containerPortal = 0FF1C63A2E4B70B400427F5B /* Project object */;
			proxyType = 1;
			remoteGlobalIDString = 0FF1C66F2E4B710A00427F5B;
			remoteInfo = MiniWidgetsExtension;
		};
/* End PBXContainerItemProxy section */

/* Begin PBXCopyFilesBuildPhase section */
		0FF1C6892E4B710D00427F5B /* Embed Foundation Extensions */ = {
			isa = PBXCopyFilesBuildPhase;
			buildActionMask = 2147483647;
			dstPath = "";
			dstSubfolderSpec = 13;
			files = (
				0FF1C6842E4B710D00427F5B /* MiniWidgetsExtension.appex in Embed Foundation Extensions */,
			);
			name = "Embed Foundation Extensions";
			runOnlyForDeploymentPostprocessing = 0;
		};
/* End PBXCopyFilesBuildPhase section */

/* Begin PBXFileReference section */
		0FEA59FF2E4BDB710010F856 /* MiniWidgetsExtension.entitlements */ = {isa = PBXFileReference; lastKnownFileType = text.plist.entitlements; path = MiniWidgetsExtension.entitlements; sourceTree = "<group>"; };
		0FF1C6422E4B70B400427F5B /* aniWidgets.app */ = {isa = PBXFileReference; explicitFileType = wrapper.application; includeInIndex = 0; path = aniWidgets.app; sourceTree = BUILT_PRODUCTS_DIR; };
		0FF1C64F2E4B70B500427F5B /* aniWidgetsTests.xctest */ = {isa = PBXFileReference; explicitFileType = wrapper.cfbundle; includeInIndex = 0; path = aniWidgetsTests.xctest; sourceTree = BUILT_PRODUCTS_DIR; };
		0FF1C6592E4B70B500427F5B /* aniWidgetsUITests.xctest */ = {isa = PBXFileReference; explicitFileType = wrapper.cfbundle; includeInIndex = 0; path = aniWidgetsUITests.xctest; sourceTree = BUILT_PRODUCTS_DIR; };
		0FF1C6702E4B710A00427F5B /* MiniWidgetsExtension.appex */ = {isa = PBXFileReference; explicitFileType = "wrapper.app-extension"; includeInIndex = 0; path = MiniWidgetsExtension.appex; sourceTree = BUILT_PRODUCTS_DIR; };
		0FF1C6722E4B710A00427F5B /* WidgetKit.framework */ = {isa = PBXFileReference; lastKnownFileType = wrapper.framework; name = WidgetKit.framework; path = System/Library/Frameworks/WidgetKit.framework; sourceTree = SDKROOT; };
		0FF1C6742E4B710B00427F5B /* SwiftUI.framework */ = {isa = PBXFileReference; lastKnownFileType = wrapper.framework; name = SwiftUI.framework; path = System/Library/Frameworks/SwiftUI.framework; sourceTree = SDKROOT; };
/* End PBXFileReference section */

/* Begin PBXFileSystemSynchronizedBuildFileExceptionSet section */
		0FF1C6852E4B710D00427F5B /* Exceptions for "MiniWidgets" folder in "MiniWidgetsExtension" target */ = {
			isa = PBXFileSystemSynchronizedBuildFileExceptionSet;
			membershipExceptions = (
				Info.plist,
			);
			target = 0FF1C66F2E4B710A00427F5B /* MiniWidgetsExtension */;
		};
		0FF1C68B2E4B741300427F5B /* Exceptions for "aniWidgets" folder in "aniWidgets" target */ = {
			isa = PBXFileSystemSynchronizedBuildFileExceptionSet;
			membershipExceptions = (
				Info.plist,
			);
			target = 0FF1C6412E4B70B400427F5B /* aniWidgets */;
		};
/* End PBXFileSystemSynchronizedBuildFileExceptionSet section */

/* Begin PBXFileSystemSynchronizedRootGroup section */
		0FF1C6442E4B70B400427F5B /* aniWidgets */ = {
			isa = PBXFileSystemSynchronizedRootGroup;
			exceptions = (
				0FF1C68B2E4B741300427F5B /* Exceptions for "aniWidgets" folder in "aniWidgets" target */,
			);
			path = aniWidgets;
			sourceTree = "<group>";
		};
		0FF1C6522E4B70B500427F5B /* aniWidgetsTests */ = {
			isa = PBXFileSystemSynchronizedRootGroup;
			path = aniWidgetsTests;
			sourceTree = "<group>";
		};
		0FF1C65C2E4B70B500427F5B /* aniWidgetsUITests */ = {
			isa = PBXFileSystemSynchronizedRootGroup;
			path = aniWidgetsUITests;
			sourceTree = "<group>";
		};
		0FF1C6762E4B710B00427F5B /* MiniWidgets */ = {
			isa = PBXFileSystemSynchronizedRootGroup;
			exceptions = (
				0FF1C6852E4B710D00427F5B /* Exceptions for "MiniWidgets" folder in "MiniWidgetsExtension" target */,
			);
			path = MiniWidgets;
			sourceTree = "<group>";
		};
/* End PBXFileSystemSynchronizedRootGroup section */

/* Begin PBXFrameworksBuildPhase section */
		0FF1C63F2E4B70B400427F5B /* Frameworks */ = {
			isa = PBXFrameworksBuildPhase;
			buildActionMask = 2147483647;
			files = (
			);
			runOnlyForDeploymentPostprocessing = 0;
		};
		0FF1C64C2E4B70B500427F5B /* Frameworks */ = {
			isa = PBXFrameworksBuildPhase;
			buildActionMask = 2147483647;
			files = (
			);
			runOnlyForDeploymentPostprocessing = 0;
		};
		0FF1C6562E4B70B500427F5B /* Frameworks */ = {
			isa = PBXFrameworksBuildPhase;
			buildActionMask = 2147483647;
			files = (
			);
			runOnlyForDeploymentPostprocessing = 0;
		};
		0FF1C66D2E4B710A00427F5B /* Frameworks */ = {
			isa = PBXFrameworksBuildPhase;
			buildActionMask = 2147483647;
			files = (
				0FF1C6752E4B710B00427F5B /* SwiftUI.framework in Frameworks */,
				0FF1C6732E4B710B00427F5B /* WidgetKit.framework in Frameworks */,
			);
			runOnlyForDeploymentPostprocessing = 0;
		};
/* End PBXFrameworksBuildPhase section */

/* Begin PBXGroup section */
		0FF1C6392E4B70B400427F5B = {
			isa = PBXGroup;
			children = (
				0FEA59FF2E4BDB710010F856 /* MiniWidgetsExtension.entitlements */,
				0FF1C6442E4B70B400427F5B /* aniWidgets */,
				0FF1C6522E4B70B500427F5B /* aniWidgetsTests */,
				0FF1C65C2E4B70B500427F5B /* aniWidgetsUITests */,
				0FF1C6762E4B710B00427F5B /* MiniWidgets */,
				0FF1C6712E4B710A00427F5B /* Frameworks */,
				0FF1C6432E4B70B400427F5B /* Products */,
			);
			sourceTree = "<group>";
		};
		0FF1C6432E4B70B400427F5B /* Products */ = {
			isa = PBXGroup;
			children = (
				0FF1C6422E4B70B400427F5B /* aniWidgets.app */,
				0FF1C64F2E4B70B500427F5B /* aniWidgetsTests.xctest */,
				0FF1C6592E4B70B500427F5B /* aniWidgetsUITests.xctest */,
				0FF1C6702E4B710A00427F5B /* MiniWidgetsExtension.appex */,
			);
			name = Products;
			sourceTree = "<group>";
		};
		0FF1C6712E4B710A00427F5B /* Frameworks */ = {
			isa = PBXGroup;
			children = (
				0FF1C6722E4B710A00427F5B /* WidgetKit.framework */,
				0FF1C6742E4B710B00427F5B /* SwiftUI.framework */,
			);
			name = Frameworks;
			sourceTree = "<group>";
		};
/* End PBXGroup section */

/* Begin PBXNativeTarget section */
		0FF1C6412E4B70B400427F5B /* aniWidgets */ = {
			isa = PBXNativeTarget;
			buildConfigurationList = 0FF1C6632E4B70B500427F5B /* Build configuration list for PBXNativeTarget "aniWidgets" */;
			buildPhases = (
				0FF1C63E2E4B70B400427F5B /* Sources */,
				0FF1C63F2E4B70B400427F5B /* Frameworks */,
				0FF1C6402E4B70B400427F5B /* Resources */,
				0FF1C6892E4B710D00427F5B /* Embed Foundation Extensions */,
			);
			buildRules = (
			);
			dependencies = (
				0FF1C6832E4B710D00427F5B /* PBXTargetDependency */,
			);
			fileSystemSynchronizedGroups = (
				0FF1C6442E4B70B400427F5B /* aniWidgets */,
			);
			name = aniWidgets;
			packageProductDependencies = (
			);
			productName = aniWidgets;
			productReference = 0FF1C6422E4B70B400427F5B /* aniWidgets.app */;
			productType = "com.apple.product-type.application";
		};
		0FF1C64E2E4B70B500427F5B /* aniWidgetsTests */ = {
			isa = PBXNativeTarget;
			buildConfigurationList = 0FF1C6662E4B70B500427F5B /* Build configuration list for PBXNativeTarget "aniWidgetsTests" */;
			buildPhases = (
				0FF1C64B2E4B70B500427F5B /* Sources */,
				0FF1C64C2E4B70B500427F5B /* Frameworks */,
				0FF1C64D2E4B70B500427F5B /* Resources */,
			);
			buildRules = (
			);
			dependencies = (
				0FF1C6512E4B70B500427F5B /* PBXTargetDependency */,
			);
			fileSystemSynchronizedGroups = (
				0FF1C6522E4B70B500427F5B /* aniWidgetsTests */,
			);
			name = aniWidgetsTests;
			packageProductDependencies = (
			);
			productName = aniWidgetsTests;
			productReference = 0FF1C64F2E4B70B500427F5B /* aniWidgetsTests.xctest */;
			productType = "com.apple.product-type.bundle.unit-test";
		};
		0FF1C6582E4B70B500427F5B /* aniWidgetsUITests */ = {
			isa = PBXNativeTarget;
			buildConfigurationList = 0FF1C6692E4B70B500427F5B /* Build configuration list for PBXNativeTarget "aniWidgetsUITests" */;
			buildPhases = (
				0FF1C6552E4B70B500427F5B /* Sources */,
				0FF1C6562E4B70B500427F5B /* Frameworks */,
				0FF1C6572E4B70B500427F5B /* Resources */,
			);
			buildRules = (
			);
			dependencies = (
				0FF1C65B2E4B70B500427F5B /* PBXTargetDependency */,
			);
			fileSystemSynchronizedGroups = (
				0FF1C65C2E4B70B500427F5B /* aniWidgetsUITests */,
			);
			name = aniWidgetsUITests;
			packageProductDependencies = (
			);
			productName = aniWidgetsUITests;
			productReference = 0FF1C6592E4B70B500427F5B /* aniWidgetsUITests.xctest */;
			productType = "com.apple.product-type.bundle.ui-testing";
		};
		0FF1C66F2E4B710A00427F5B /* MiniWidgetsExtension */ = {
			isa = PBXNativeTarget;
			buildConfigurationList = 0FF1C6862E4B710D00427F5B /* Build configuration list for PBXNativeTarget "MiniWidgetsExtension" */;
			buildPhases = (
				0FF1C66C2E4B710A00427F5B /* Sources */,
				0FF1C66D2E4B710A00427F5B /* Frameworks */,
				0FF1C66E2E4B710A00427F5B /* Resources */,
			);
			buildRules = (
			);
			dependencies = (
			);
			fileSystemSynchronizedGroups = (
				0FF1C6762E4B710B00427F5B /* MiniWidgets */,
			);
			name = MiniWidgetsExtension;
			packageProductDependencies = (
			);
			productName = MiniWidgetsExtension;
			productReference = 0FF1C6702E4B710A00427F5B /* MiniWidgetsExtension.appex */;
			productType = "com.apple.product-type.app-extension";
		};
/* End PBXNativeTarget section */

/* Begin PBXProject section */
		0FF1C63A2E4B70B400427F5B /* Project object */ = {
			isa = PBXProject;
			attributes = {
				BuildIndependentTargetsInParallel = 1;
				LastSwiftUpdateCheck = 1640;
				LastUpgradeCheck = 1640;
				TargetAttributes = {
					0FF1C6412E4B70B400427F5B = {
						CreatedOnToolsVersion = 16.4;
					};
					0FF1C64E2E4B70B500427F5B = {
						CreatedOnToolsVersion = 16.4;
						TestTargetID = 0FF1C6412E4B70B400427F5B;
					};
					0FF1C6582E4B70B500427F5B = {
						CreatedOnToolsVersion = 16.4;
						TestTargetID = 0FF1C6412E4B70B400427F5B;
					};
					0FF1C66F2E4B710A00427F5B = {
						CreatedOnToolsVersion = 16.4;
					};
				};
			};
			buildConfigurationList = 0FF1C63D2E4B70B400427F5B /* Build configuration list for PBXProject "aniWidgets" */;
			developmentRegion = en;
			hasScannedForEncodings = 0;
			knownRegions = (
				en,
				Base,
			);
			mainGroup = 0FF1C6392E4B70B400427F5B;
			minimizedProjectReferenceProxies = 1;
			preferredProjectObjectVersion = 77;
			productRefGroup = 0FF1C6432E4B70B400427F5B /* Products */;
			projectDirPath = "";
			projectRoot = "";
			targets = (
				0FF1C6412E4B70B400427F5B /* aniWidgets */,
				0FF1C64E2E4B70B500427F5B /* aniWidgetsTests */,
				0FF1C6582E4B70B500427F5B /* aniWidgetsUITests */,
				0FF1C66F2E4B710A00427F5B /* MiniWidgetsExtension */,
			);
		};
/* End PBXProject section */

/* Begin PBXResourcesBuildPhase section */
		0FF1C6402E4B70B400427F5B /* Resources */ = {
			isa = PBXResourcesBuildPhase;
			buildActionMask = 2147483647;
			files = (
			);
			runOnlyForDeploymentPostprocessing = 0;
		};
		0FF1C64D2E4B70B500427F5B /* Resources */ = {
			isa = PBXResourcesBuildPhase;
			buildActionMask = 2147483647;
			files = (
			);
			runOnlyForDeploymentPostprocessing = 0;
		};
		0FF1C6572E4B70B500427F5B /* Resources */ = {
			isa = PBXResourcesBuildPhase;
			buildActionMask = 2147483647;
			files = (
			);
			runOnlyForDeploymentPostprocessing = 0;
		};
		0FF1C66E2E4B710A00427F5B /* Resources */ = {
			isa = PBXResourcesBuildPhase;
			buildActionMask = 2147483647;
			files = (
			);
			runOnlyForDeploymentPostprocessing = 0;
		};
/* End PBXResourcesBuildPhase section */

/* Begin PBXSourcesBuildPhase section */
		0FF1C63E2E4B70B400427F5B /* Sources */ = {
			isa = PBXSourcesBuildPhase;
			buildActionMask = 2147483647;
			files = (
			);
			runOnlyForDeploymentPostprocessing = 0;
		};
		0FF1C64B2E4B70B500427F5B /* Sources */ = {
			isa = PBXSourcesBuildPhase;
			buildActionMask = 2147483647;
			files = (
			);
			runOnlyForDeploymentPostprocessing = 0;
		};
		0FF1C6552E4B70B500427F5B /* Sources */ = {
			isa = PBXSourcesBuildPhase;
			buildActionMask = 2147483647;
			files = (
			);
			runOnlyForDeploymentPostprocessing = 0;
		};
		0FF1C66C2E4B710A00427F5B /* Sources */ = {
			isa = PBXSourcesBuildPhase;
			buildActionMask = 2147483647;
			files = (
			);
			runOnlyForDeploymentPostprocessing = 0;
		};
/* End PBXSourcesBuildPhase section */

/* Begin PBXTargetDependency section */
		0FF1C6512E4B70B500427F5B /* PBXTargetDependency */ = {
			isa = PBXTargetDependency;
			target = 0FF1C6412E4B70B400427F5B /* aniWidgets */;
			targetProxy = 0FF1C6502E4B70B500427F5B /* PBXContainerItemProxy */;
		};
		0FF1C65B2E4B70B500427F5B /* PBXTargetDependency */ = {
			isa = PBXTargetDependency;
			target = 0FF1C6412E4B70B400427F5B /* aniWidgets */;
			targetProxy = 0FF1C65A2E4B70B500427F5B /* PBXContainerItemProxy */;
		};
		0FF1C6832E4B710D00427F5B /* PBXTargetDependency */ = {
			isa = PBXTargetDependency;
			target = 0FF1C66F2E4B710A00427F5B /* MiniWidgetsExtension */;
			targetProxy = 0FF1C6822E4B710D00427F5B /* PBXContainerItemProxy */;
		};
/* End PBXTargetDependency section */

/* Begin XCBuildConfiguration section */
		0FF1C6612E4B70B500427F5B /* Debug */ = {
			isa = XCBuildConfiguration;
			buildSettings = {
				ALWAYS_SEARCH_USER_PATHS = NO;
				ASSETCATALOG_COMPILER_GENERATE_SWIFT_ASSET_SYMBOL_EXTENSIONS = YES;
				CLANG_ANALYZER_NONNULL = YES;
				CLANG_ANALYZER_NUMBER_OBJECT_CONVERSION = YES_AGGRESSIVE;
				CLANG_CXX_LANGUAGE_STANDARD = "gnu++20";
				CLANG_ENABLE_MODULES = YES;
				CLANG_ENABLE_OBJC_ARC = YES;
				CLANG_ENABLE_OBJC_WEAK = YES;
				CLANG_WARN_BLOCK_CAPTURE_AUTORELEASING = YES;
				CLANG_WARN_BOOL_CONVERSION = YES;
				CLANG_WARN_COMMA = YES;
				CLANG_WARN_CONSTANT_CONVERSION = YES;
				CLANG_WARN_DEPRECATED_OBJC_IMPLEMENTATIONS = YES;
				CLANG_WARN_DIRECT_OBJC_ISA_USAGE = YES_ERROR;
				CLANG_WARN_DOCUMENTATION_COMMENTS = YES;
				CLANG_WARN_EMPTY_BODY = YES;
				CLANG_WARN_ENUM_CONVERSION = YES;
				CLANG_WARN_INFINITE_RECURSION = YES;
				CLANG_WARN_INT_CONVERSION = YES;
				CLANG_WARN_NON_LITERAL_NULL_CONVERSION = YES;
				CLANG_WARN_OBJC_IMPLICIT_RETAIN_SELF = YES;
				CLANG_WARN_OBJC_LITERAL_CONVERSION = YES;
				CLANG_WARN_OBJC_ROOT_CLASS = YES_ERROR;
				CLANG_WARN_QUOTED_INCLUDE_IN_FRAMEWORK_HEADER = YES;
				CLANG_WARN_RANGE_LOOP_ANALYSIS = YES;
				CLANG_WARN_STRICT_PROTOTYPES = YES;
				CLANG_WARN_SUSPICIOUS_MOVE = YES;
				CLANG_WARN_UNGUARDED_AVAILABILITY = YES_AGGRESSIVE;
				CLANG_WARN_UNREACHABLE_CODE = YES;
				CLANG_WARN__DUPLICATE_METHOD_MATCH = YES;
				COPY_PHASE_STRIP = NO;
				DEBUG_INFORMATION_FORMAT = dwarf;
				DEVELOPMENT_TEAM = 5H3BB7M794;
				ENABLE_STRICT_OBJC_MSGSEND = YES;
				ENABLE_TESTABILITY = YES;
				ENABLE_USER_SCRIPT_SANDBOXING = YES;
				GCC_C_LANGUAGE_STANDARD = gnu17;
				GCC_DYNAMIC_NO_PIC = NO;
				GCC_NO_COMMON_BLOCKS = YES;
				GCC_OPTIMIZATION_LEVEL = 0;
				GCC_PREPROCESSOR_DEFINITIONS = (
					"DEBUG=1",
					"$(inherited)",
				);
				GCC_WARN_64_TO_32_BIT_CONVERSION = YES;
				GCC_WARN_ABOUT_RETURN_TYPE = YES_ERROR;
				GCC_WARN_UNDECLARED_SELECTOR = YES;
				GCC_WARN_UNINITIALIZED_AUTOS = YES_AGGRESSIVE;
				GCC_WARN_UNUSED_FUNCTION = YES;
				GCC_WARN_UNUSED_VARIABLE = YES;
				IPHONEOS_DEPLOYMENT_TARGET = 18.5;
				LOCALIZATION_PREFERS_STRING_CATALOGS = YES;
				MTL_ENABLE_DEBUG_INFO = INCLUDE_SOURCE;
				MTL_FAST_MATH = YES;
				ONLY_ACTIVE_ARCH = YES;
				SDKROOT = iphoneos;
				SWIFT_ACTIVE_COMPILATION_CONDITIONS = "DEBUG $(inherited)";
				SWIFT_OPTIMIZATION_LEVEL = "-Onone";
			};
			name = Debug;
		};
		0FF1C6622E4B70B500427F5B /* Release */ = {
			isa = XCBuildConfiguration;
			buildSettings = {
				ALWAYS_SEARCH_USER_PATHS = NO;
				ASSETCATALOG_COMPILER_GENERATE_SWIFT_ASSET_SYMBOL_EXTENSIONS = YES;
				CLANG_ANALYZER_NONNULL = YES;
				CLANG_ANALYZER_NUMBER_OBJECT_CONVERSION = YES_AGGRESSIVE;
				CLANG_CXX_LANGUAGE_STANDARD = "gnu++20";
				CLANG_ENABLE_MODULES = YES;
				CLANG_ENABLE_OBJC_ARC = YES;
				CLANG_ENABLE_OBJC_WEAK = YES;
				CLANG_WARN_BLOCK_CAPTURE_AUTORELEASING = YES;
				CLANG_WARN_BOOL_CONVERSION = YES;
				CLANG_WARN_COMMA = YES;
				CLANG_WARN_CONSTANT_CONVERSION = YES;
				CLANG_WARN_DEPRECATED_OBJC_IMPLEMENTATIONS = YES;
				CLANG_WARN_DIRECT_OBJC_ISA_USAGE = YES_ERROR;
				CLANG_WARN_DOCUMENTATION_COMMENTS = YES;
				CLANG_WARN_EMPTY_BODY = YES;
				CLANG_WARN_ENUM_CONVERSION = YES;
				CLANG_WARN_INFINITE_RECURSION = YES;
				CLANG_WARN_INT_CONVERSION = YES;
				CLANG_WARN_NON_LITERAL_NULL_CONVERSION = YES;
				CLANG_WARN_OBJC_IMPLICIT_RETAIN_SELF = YES;
				CLANG_WARN_OBJC_LITERAL_CONVERSION = YES;
				CLANG_WARN_OBJC_ROOT_CLASS = YES_ERROR;
				CLANG_WARN_QUOTED_INCLUDE_IN_FRAMEWORK_HEADER = YES;
				CLANG_WARN_RANGE_LOOP_ANALYSIS = YES;
				CLANG_WARN_STRICT_PROTOTYPES = YES;
				CLANG_WARN_SUSPICIOUS_MOVE = YES;
				CLANG_WARN_UNGUARDED_AVAILABILITY = YES_AGGRESSIVE;
				CLANG_WARN_UNREACHABLE_CODE = YES;
				CLANG_WARN__DUPLICATE_METHOD_MATCH = YES;
				COPY_PHASE_STRIP = NO;
				DEBUG_INFORMATION_FORMAT = "dwarf-with-dsym";
				DEVELOPMENT_TEAM = 5H3BB7M794;
				ENABLE_NS_ASSERTIONS = NO;
				ENABLE_STRICT_OBJC_MSGSEND = YES;
				ENABLE_USER_SCRIPT_SANDBOXING = YES;
				GCC_C_LANGUAGE_STANDARD = gnu17;
				GCC_NO_COMMON_BLOCKS = YES;
				GCC_WARN_64_TO_32_BIT_CONVERSION = YES;
				GCC_WARN_ABOUT_RETURN_TYPE = YES_ERROR;
				GCC_WARN_UNDECLARED_SELECTOR = YES;
				GCC_WARN_UNINITIALIZED_AUTOS = YES_AGGRESSIVE;
				GCC_WARN_UNUSED_FUNCTION = YES;
				GCC_WARN_UNUSED_VARIABLE = YES;
				IPHONEOS_DEPLOYMENT_TARGET = 18.5;
				LOCALIZATION_PREFERS_STRING_CATALOGS = YES;
				MTL_ENABLE_DEBUG_INFO = NO;
				MTL_FAST_MATH = YES;
				SDKROOT = iphoneos;
				SWIFT_COMPILATION_MODE = wholemodule;
				VALIDATE_PRODUCT = YES;
			};
			name = Release;
		};
		0FF1C6642E4B70B500427F5B /* Debug */ = {
			isa = XCBuildConfiguration;
			buildSettings = {
				ASSETCATALOG_COMPILER_APPICON_NAME = AppIcon;
				ASSETCATALOG_COMPILER_GLOBAL_ACCENT_COLOR_NAME = AccentColor;
				CODE_SIGN_ENTITLEMENTS = aniWidgets/aniWidgets.entitlements;
				CODE_SIGN_IDENTITY = "Apple Development";
				CODE_SIGN_STYLE = Automatic;
				CURRENT_PROJECT_VERSION = 1;
				DEVELOPMENT_TEAM = 5H3BB7M794;
				ENABLE_PREVIEWS = YES;
				GENERATE_INFOPLIST_FILE = YES;
				INFOPLIST_FILE = aniWidgets/Info.plist;
				INFOPLIST_KEY_UIApplicationSceneManifest_Generation = YES;
				INFOPLIST_KEY_UIApplicationSupportsIndirectInputEvents = YES;
				INFOPLIST_KEY_UILaunchScreen_Generation = YES;
				INFOPLIST_KEY_UISupportedInterfaceOrientations_iPad = "UIInterfaceOrientationPortrait UIInterfaceOrientationPortraitUpsideDown UIInterfaceOrientationLandscapeLeft UIInterfaceOrientationLandscapeRight";
				INFOPLIST_KEY_UISupportedInterfaceOrientations_iPhone = "UIInterfaceOrientationPortrait UIInterfaceOrientationLandscapeLeft UIInterfaceOrientationLandscapeRight";
				LD_RUNPATH_SEARCH_PATHS = (
					"$(inherited)",
					"@executable_path/Frameworks",
				);
				MARKETING_VERSION = 1.0;
				PRODUCT_BUNDLE_IDENTIFIER = Iworf.aniWidgets;
				PRODUCT_NAME = "$(TARGET_NAME)";
				PROVISIONING_PROFILE_SPECIFIER = "";
				SWIFT_EMIT_LOC_STRINGS = YES;
				SWIFT_VERSION = 5.0;
				TARGETED_DEVICE_FAMILY = "1,2";
			};
			name = Debug;
		};
		0FF1C6652E4B70B500427F5B /* Release */ = {
			isa = XCBuildConfiguration;
			buildSettings = {
				ASSETCATALOG_COMPILER_APPICON_NAME = AppIcon;
				ASSETCATALOG_COMPILER_GLOBAL_ACCENT_COLOR_NAME = AccentColor;
				CODE_SIGN_ENTITLEMENTS = aniWidgets/aniWidgets.entitlements;
				CODE_SIGN_IDENTITY = "Apple Development";
				CODE_SIGN_STYLE = Automatic;
				CURRENT_PROJECT_VERSION = 1;
				DEVELOPMENT_TEAM = 5H3BB7M794;
				ENABLE_PREVIEWS = YES;
				GENERATE_INFOPLIST_FILE = YES;
				INFOPLIST_FILE = aniWidgets/Info.plist;
				INFOPLIST_KEY_UIApplicationSceneManifest_Generation = YES;
				INFOPLIST_KEY_UIApplicationSupportsIndirectInputEvents = YES;
				INFOPLIST_KEY_UILaunchScreen_Generation = YES;
				INFOPLIST_KEY_UISupportedInterfaceOrientations_iPad = "UIInterfaceOrientationPortrait UIInterfaceOrientationPortraitUpsideDown UIInterfaceOrientationLandscapeLeft UIInterfaceOrientationLandscapeRight";
				INFOPLIST_KEY_UISupportedInterfaceOrientations_iPhone = "UIInterfaceOrientationPortrait UIInterfaceOrientationLandscapeLeft UIInterfaceOrientationLandscapeRight";
				LD_RUNPATH_SEARCH_PATHS = (
					"$(inherited)",
					"@executable_path/Frameworks",
				);
				MARKETING_VERSION = 1.0;
				PRODUCT_BUNDLE_IDENTIFIER = Iworf.aniWidgets;
				PRODUCT_NAME = "$(TARGET_NAME)";
				PROVISIONING_PROFILE_SPECIFIER = "";
				SWIFT_EMIT_LOC_STRINGS = YES;
				SWIFT_VERSION = 5.0;
				TARGETED_DEVICE_FAMILY = "1,2";
			};
			name = Release;
		};
		0FF1C6672E4B70B500427F5B /* Debug */ = {
			isa = XCBuildConfiguration;
			buildSettings = {
				BUNDLE_LOADER = "$(TEST_HOST)";
				CODE_SIGN_STYLE = Automatic;
				CURRENT_PROJECT_VERSION = 1;
				DEVELOPMENT_TEAM = 5H3BB7M794;
				GENERATE_INFOPLIST_FILE = YES;
				IPHONEOS_DEPLOYMENT_TARGET = 18.5;
				MARKETING_VERSION = 1.0;
				PRODUCT_BUNDLE_IDENTIFIER = Iworf.aniWidgetsTests;
				PRODUCT_NAME = "$(TARGET_NAME)";
				SWIFT_EMIT_LOC_STRINGS = NO;
				SWIFT_VERSION = 5.0;
				TARGETED_DEVICE_FAMILY = "1,2";
				TEST_HOST = "$(BUILT_PRODUCTS_DIR)/aniWidgets.app/$(BUNDLE_EXECUTABLE_FOLDER_PATH)/aniWidgets";
			};
			name = Debug;
		};
		0FF1C6682E4B70B500427F5B /* Release */ = {
			isa = XCBuildConfiguration;
			buildSettings = {
				BUNDLE_LOADER = "$(TEST_HOST)";
				CODE_SIGN_STYLE = Automatic;
				CURRENT_PROJECT_VERSION = 1;
				DEVELOPMENT_TEAM = 5H3BB7M794;
				GENERATE_INFOPLIST_FILE = YES;
				IPHONEOS_DEPLOYMENT_TARGET = 18.5;
				MARKETING_VERSION = 1.0;
				PRODUCT_BUNDLE_IDENTIFIER = Iworf.aniWidgetsTests;
				PRODUCT_NAME = "$(TARGET_NAME)";
				SWIFT_EMIT_LOC_STRINGS = NO;
				SWIFT_VERSION = 5.0;
				TARGETED_DEVICE_FAMILY = "1,2";
				TEST_HOST = "$(BUILT_PRODUCTS_DIR)/aniWidgets.app/$(BUNDLE_EXECUTABLE_FOLDER_PATH)/aniWidgets";
			};
			name = Release;
		};
		0FF1C66A2E4B70B500427F5B /* Debug */ = {
			isa = XCBuildConfiguration;
			buildSettings = {
				CODE_SIGN_STYLE = Automatic;
				CURRENT_PROJECT_VERSION = 1;
				DEVELOPMENT_TEAM = 5H3BB7M794;
				GENERATE_INFOPLIST_FILE = YES;
				MARKETING_VERSION = 1.0;
				PRODUCT_BUNDLE_IDENTIFIER = Iworf.aniWidgetsUITests;
				PRODUCT_NAME = "$(TARGET_NAME)";
				SWIFT_EMIT_LOC_STRINGS = NO;
				SWIFT_VERSION = 5.0;
				TARGETED_DEVICE_FAMILY = "1,2";
				TEST_TARGET_NAME = aniWidgets;
			};
			name = Debug;
		};
		0FF1C66B2E4B70B500427F5B /* Release */ = {
			isa = XCBuildConfiguration;
			buildSettings = {
				CODE_SIGN_STYLE = Automatic;
				CURRENT_PROJECT_VERSION = 1;
				DEVELOPMENT_TEAM = 5H3BB7M794;
				GENERATE_INFOPLIST_FILE = YES;
				MARKETING_VERSION = 1.0;
				PRODUCT_BUNDLE_IDENTIFIER = Iworf.aniWidgetsUITests;
				PRODUCT_NAME = "$(TARGET_NAME)";
				SWIFT_EMIT_LOC_STRINGS = NO;
				SWIFT_VERSION = 5.0;
				TARGETED_DEVICE_FAMILY = "1,2";
				TEST_TARGET_NAME = aniWidgets;
			};
			name = Release;
		};
		0FF1C6872E4B710D00427F5B /* Debug */ = {
			isa = XCBuildConfiguration;
			buildSettings = {
				ASSETCATALOG_COMPILER_GLOBAL_ACCENT_COLOR_NAME = AccentColor;
				ASSETCATALOG_COMPILER_WIDGET_BACKGROUND_COLOR_NAME = WidgetBackground;
				CODE_SIGN_ENTITLEMENTS = MiniWidgetsExtension.entitlements;
				CODE_SIGN_STYLE = Automatic;
				CURRENT_PROJECT_VERSION = 1;
				DEVELOPMENT_TEAM = 5H3BB7M794;
				GENERATE_INFOPLIST_FILE = YES;
				INFOPLIST_FILE = MiniWidgets/Info.plist;
				INFOPLIST_KEY_CFBundleDisplayName = MiniWidgets;
				INFOPLIST_KEY_NSHumanReadableCopyright = "";
				LD_RUNPATH_SEARCH_PATHS = (
					"$(inherited)",
					"@executable_path/Frameworks",
					"@executable_path/../../Frameworks",
				);
				MARKETING_VERSION = 1.0;
				PRODUCT_BUNDLE_IDENTIFIER = Iworf.aniWidgets.MiniWidgets;
				PRODUCT_NAME = "$(TARGET_NAME)";
				SKIP_INSTALL = YES;
				SWIFT_EMIT_LOC_STRINGS = YES;
				SWIFT_VERSION = 5.0;
				TARGETED_DEVICE_FAMILY = "1,2";
			};
			name = Debug;
		};
		0FF1C6882E4B710D00427F5B /* Release */ = {
			isa = XCBuildConfiguration;
			buildSettings = {
				ASSETCATALOG_COMPILER_GLOBAL_ACCENT_COLOR_NAME = AccentColor;
				ASSETCATALOG_COMPILER_WIDGET_BACKGROUND_COLOR_NAME = WidgetBackground;
				CODE_SIGN_ENTITLEMENTS = MiniWidgetsExtension.entitlements;
				CODE_SIGN_STYLE = Automatic;
				CURRENT_PROJECT_VERSION = 1;
				DEVELOPMENT_TEAM = 5H3BB7M794;
				GENERATE_INFOPLIST_FILE = YES;
				INFOPLIST_FILE = MiniWidgets/Info.plist;
				INFOPLIST_KEY_CFBundleDisplayName = MiniWidgets;
				INFOPLIST_KEY_NSHumanReadableCopyright = "";
				LD_RUNPATH_SEARCH_PATHS = (
					"$(inherited)",
					"@executable_path/Frameworks",
					"@executable_path/../../Frameworks",
				);
				MARKETING_VERSION = 1.0;
				PRODUCT_BUNDLE_IDENTIFIER = Iworf.aniWidgets.MiniWidgets;
				PRODUCT_NAME = "$(TARGET_NAME)";
				SKIP_INSTALL = YES;
				SWIFT_EMIT_LOC_STRINGS = YES;
				SWIFT_VERSION = 5.0;
				TARGETED_DEVICE_FAMILY = "1,2";
			};
			name = Release;
		};
/* End XCBuildConfiguration section */

/* Begin XCConfigurationList section */
		0FF1C63D2E4B70B400427F5B /* Build configuration list for PBXProject "aniWidgets" */ = {
			isa = XCConfigurationList;
			buildConfigurations = (
				0FF1C6612E4B70B500427F5B /* Debug */,
				0FF1C6622E4B70B500427F5B /* Release */,
			);
			defaultConfigurationIsVisible = 0;
			defaultConfigurationName = Release;
		};
		0FF1C6632E4B70B500427F5B /* Build configuration list for PBXNativeTarget "aniWidgets" */ = {
			isa = XCConfigurationList;
			buildConfigurations = (
				0FF1C6642E4B70B500427F5B /* Debug */,
				0FF1C6652E4B70B500427F5B /* Release */,
			);
			defaultConfigurationIsVisible = 0;
			defaultConfigurationName = Release;
		};
		0FF1C6662E4B70B500427F5B /* Build configuration list for PBXNativeTarget "aniWidgetsTests" */ = {
			isa = XCConfigurationList;
			buildConfigurations = (
				0FF1C6672E4B70B500427F5B /* Debug */,
				0FF1C6682E4B70B500427F5B /* Release */,
			);
			defaultConfigurationIsVisible = 0;
			defaultConfigurationName = Release;
		};
		0FF1C6692E4B70B500427F5B /* Build configuration list for PBXNativeTarget "aniWidgetsUITests" */ = {
			isa = XCConfigurationList;
			buildConfigurations = (
				0FF1C66A2E4B70B500427F5B /* Debug */,
				0FF1C66B2E4B70B500427F5B /* Release */,
			);
			defaultConfigurationIsVisible = 0;
			defaultConfigurationName = Release;
		};
		0FF1C6862E4B710D00427F5B /* Build configuration list for PBXNativeTarget "MiniWidgetsExtension" */ = {
			isa = XCConfigurationList;
			buildConfigurations = (
				0FF1C6872E4B710D00427F5B /* Debug */,
				0FF1C6882E4B710D00427F5B /* Release */,
			);
			defaultConfigurationIsVisible = 0;
			defaultConfigurationName = Release;
		};
/* End XCConfigurationList section */
	};
	rootObject = 0FF1C63A2E4B70B400427F5B /* Project object */;
}
